
Microsoft Visual Studio Solution File, Format Version 12.00
# Visual Studio Version 16
VisualStudioVersion = 16.0.29609.76
MinimumVisualStudioVersion = 10.0.40219.1
Project("{FAE04EC0-301F-11D3-BF4B-00C04F79EFBC}") = "Arduino1", "Arduino1\Arduino1.csproj", "{A387E542-5BCD-4C79-99DB-74535208769B}"
EndProject
Global
	GlobalSection(SolutionConfigurationPlatforms) = preSolution
		Debug|Any CPU = Debug|Any CPU
		Release|Any CPU = Release|Any CPU
	EndGlobalSection
	GlobalSection(ProjectConfigurationPlatforms) = postSolution
		{A387E542-5BCD-4C79-99DB-74535208769B}.Debug|Any CPU.ActiveCfg = Debug|Any CPU
		{A387E542-5BCD-4C79-99DB-74535208769B}.Debug|Any CPU.Build.0 = Debug|Any CPU
		{A387E542-5BCD-4C79-99DB-74535208769B}.Release|Any CPU.ActiveCfg = Release|Any CPU
		{A387E542-5BCD-4C79-99DB-74535208769B}.Release|Any CPU.Build.0 = Release|Any CPU
	EndGlobalSection
	GlobalSection(SolutionProperties) = preSolution
		HideSolutionNode = FALSE
	EndGlobalSection
	GlobalSection(ExtensibilityGlobals) = postSolution
		SolutionGuid = {1A61A8C9-D08A-442B-96CA-C8838AD7BEA4}
	EndGlobalSection
EndGlobal
